
Microsoft Visual Studio Solution File, Format Version 12.00
# Visual Studio Version 16
VisualStudioVersion = 16.0.29911.84
MinimumVisualStudioVersion = 10.0.40219.1
Project("{FAE04EC0-301F-11D3-BF4B-00C04F79EFBC}") = "CheckIdentifier", "CheckIdentifier\CheckIdentifier.csproj", "{F4C3F6E2-F046-4101-8CEA-FAEEAAF56652}"
EndProject
Project("{FAE04EC0-301F-11D3-BF4B-00C04F79EFBC}") = "CheckIdentifier_Test", "CheckIdentifier_Test\CheckIdentifier_Test.csproj", "{26CC6BF5-54C3-41C6-BE31-4D2949B7FD80}"
EndProject
Global
	GlobalSection(SolutionConfigurationPlatforms) = preSolution
		Debug|Any CPU = Debug|Any CPU
		Release|Any CPU = Release|Any CPU
	EndGlobalSection
	GlobalSection(ProjectConfigurationPlatforms) = postSolution
		{F4C3F6E2-F046-4101-8CEA-FAEEAAF56652}.Debug|Any CPU.ActiveCfg = Debug|Any CPU
		{F4C3F6E2-F046-4101-8CEA-FAEEAAF56652}.Debug|Any CPU.Build.0 = Debug|Any CPU
		{F4C3F6E2-F046-4101-8CEA-FAEEAAF56652}.Release|Any CPU.ActiveCfg = Release|Any CPU
		{F4C3F6E2-F046-4101-8CEA-FAEEAAF56652}.Release|Any CPU.Build.0 = Release|Any CPU
		{26CC6BF5-54C3-41C6-BE31-4D2949B7FD80}.Debug|Any CPU.ActiveCfg = Debug|Any CPU
		{26CC6BF5-54C3-41C6-BE31-4D2949B7FD80}.Debug|Any CPU.Build.0 = Debug|Any CPU
		{26CC6BF5-54C3-41C6-BE31-4D2949B7FD80}.Release|Any CPU.ActiveCfg = Release|Any CPU
		{26CC6BF5-54C3-41C6-BE31-4D2949B7FD80}.Release|Any CPU.Build.0 = Release|Any CPU
	EndGlobalSection
	GlobalSection(SolutionProperties) = preSolution
		HideSolutionNode = FALSE
	EndGlobalSection
	GlobalSection(ExtensibilityGlobals) = postSolution
		SolutionGuid = {9ED2B876-54FE-4420-8092-6546DB12E2EA}
	EndGlobalSection
EndGlobal
