
Microsoft Visual Studio Solution File, Format Version 12.00
# Visual Studio Version 16
VisualStudioVersion = 16.0.30011.22
MinimumVisualStudioVersion = 10.0.40219.1
Project("{FAE04EC0-301F-11D3-BF4B-00C04F79EFBC}") = "RemoveExtraBlanks", "RemoveExtraBlanks\RemoveExtraBlanks.csproj", "{572FEB0E-E617-4E27-9006-61710DD98D96}"
EndProject
Project("{FAE04EC0-301F-11D3-BF4B-00C04F79EFBC}") = "RemoveExtraBlanks_Test", "RemoveExtraBlanks_Test\RemoveExtraBlanks_Test.csproj", "{1F334F00-9B3E-48F5-9ECB-8D9E847A44B1}"
EndProject
Global
	GlobalSection(SolutionConfigurationPlatforms) = preSolution
		Debug|Any CPU = Debug|Any CPU
		Release|Any CPU = Release|Any CPU
	EndGlobalSection
	GlobalSection(ProjectConfigurationPlatforms) = postSolution
		{572FEB0E-E617-4E27-9006-61710DD98D96}.Debug|Any CPU.ActiveCfg = Debug|Any CPU
		{572FEB0E-E617-4E27-9006-61710DD98D96}.Debug|Any CPU.Build.0 = Debug|Any CPU
		{572FEB0E-E617-4E27-9006-61710DD98D96}.Release|Any CPU.ActiveCfg = Release|Any CPU
		{572FEB0E-E617-4E27-9006-61710DD98D96}.Release|Any CPU.Build.0 = Release|Any CPU
		{1F334F00-9B3E-48F5-9ECB-8D9E847A44B1}.Debug|Any CPU.ActiveCfg = Debug|Any CPU
		{1F334F00-9B3E-48F5-9ECB-8D9E847A44B1}.Debug|Any CPU.Build.0 = Debug|Any CPU
		{1F334F00-9B3E-48F5-9ECB-8D9E847A44B1}.Release|Any CPU.ActiveCfg = Release|Any CPU
		{1F334F00-9B3E-48F5-9ECB-8D9E847A44B1}.Release|Any CPU.Build.0 = Release|Any CPU
	EndGlobalSection
	GlobalSection(SolutionProperties) = preSolution
		HideSolutionNode = FALSE
	EndGlobalSection
	GlobalSection(ExtensibilityGlobals) = postSolution
		SolutionGuid = {D9254C69-F5C6-4AD1-BE4B-D5709AAA4B6A}
	EndGlobalSection
EndGlobal
